
Microsoft Visual Studio Solution File, Format Version 12.00
# Visual Studio Version 17
VisualStudioVersion = 17.12.35527.113
MinimumVisualStudioVersion = 10.0.40219.1
Project("{FAE04EC0-301F-11D3-BF4B-00C04F79EFBC}") = "CTT.Products.API", "CTT.Products.API\CTT.Products.API.csproj", "{BABB6391-1557-4A76-B06D-5209D6977130}"
EndProject
Project("{FAE04EC0-301F-11D3-BF4B-00C04F79EFBC}") = "CTT.Products.Domain", "CTT.Products.Domain\CTT.Products.Domain.csproj", "{5E8540F8-05A6-4154-8BF7-56825CBBD1CA}"
EndProject
Project("{FAE04EC0-301F-11D3-BF4B-00C04F79EFBC}") = "CTT.Products.Tests", "CTT.Products.Tests\CTT.Products.Tests.csproj", "{C60FB170-BF3A-4C34-AF57-02759A41031B}"
EndProject
Project("{FAE04EC0-301F-11D3-BF4B-00C04F79EFBC}") = "CTT.Products.Infrastructure", "CTT.Products.Infrastructure\CTT.Products.Infrastructure.csproj", "{378FB14F-34B5-4324-A634-268BAB90CE79}"
EndProject
Project("{FAE04EC0-301F-11D3-BF4B-00C04F79EFBC}") = "CTT.Products.Business", "CTT.Products.Business\CTT.Products.Business.csproj", "{CC013FC8-1676-4B3F-A555-F928357EDC34}"
EndProject
Project("{2150E333-8FDC-42A3-9474-1A3956D46DE8}") = "Solution Items", "Solution Items", "{A18E8DFC-ADAF-4048-99F1-5A5A3CAB6B21}"
	ProjectSection(SolutionItems) = preProject
		docker-compose.yml = docker-compose.yml
		Dockerfile = Dockerfile
	EndProjectSection
EndProject
Global
	GlobalSection(SolutionConfigurationPlatforms) = preSolution
		Debug|Any CPU = Debug|Any CPU
		Release|Any CPU = Release|Any CPU
	EndGlobalSection
	GlobalSection(ProjectConfigurationPlatforms) = postSolution
		{BABB6391-1557-4A76-B06D-5209D6977130}.Debug|Any CPU.ActiveCfg = Debug|Any CPU
		{BABB6391-1557-4A76-B06D-5209D6977130}.Debug|Any CPU.Build.0 = Debug|Any CPU
		{BABB6391-1557-4A76-B06D-5209D6977130}.Release|Any CPU.ActiveCfg = Release|Any CPU
		{BABB6391-1557-4A76-B06D-5209D6977130}.Release|Any CPU.Build.0 = Release|Any CPU
		{5E8540F8-05A6-4154-8BF7-56825CBBD1CA}.Debug|Any CPU.ActiveCfg = Debug|Any CPU
		{5E8540F8-05A6-4154-8BF7-56825CBBD1CA}.Debug|Any CPU.Build.0 = Debug|Any CPU
		{5E8540F8-05A6-4154-8BF7-56825CBBD1CA}.Release|Any CPU.ActiveCfg = Release|Any CPU
		{5E8540F8-05A6-4154-8BF7-56825CBBD1CA}.Release|Any CPU.Build.0 = Release|Any CPU
		{C60FB170-BF3A-4C34-AF57-02759A41031B}.Debug|Any CPU.ActiveCfg = Debug|Any CPU
		{C60FB170-BF3A-4C34-AF57-02759A41031B}.Debug|Any CPU.Build.0 = Debug|Any CPU
		{C60FB170-BF3A-4C34-AF57-02759A41031B}.Release|Any CPU.ActiveCfg = Release|Any CPU
		{C60FB170-BF3A-4C34-AF57-02759A41031B}.Release|Any CPU.Build.0 = Release|Any CPU
		{378FB14F-34B5-4324-A634-268BAB90CE79}.Debug|Any CPU.ActiveCfg = Debug|Any CPU
		{378FB14F-34B5-4324-A634-268BAB90CE79}.Debug|Any CPU.Build.0 = Debug|Any CPU
		{378FB14F-34B5-4324-A634-268BAB90CE79}.Release|Any CPU.ActiveCfg = Release|Any CPU
		{378FB14F-34B5-4324-A634-268BAB90CE79}.Release|Any CPU.Build.0 = Release|Any CPU
		{CC013FC8-1676-4B3F-A555-F928357EDC34}.Debug|Any CPU.ActiveCfg = Debug|Any CPU
		{CC013FC8-1676-4B3F-A555-F928357EDC34}.Debug|Any CPU.Build.0 = Debug|Any CPU
		{CC013FC8-1676-4B3F-A555-F928357EDC34}.Release|Any CPU.ActiveCfg = Release|Any CPU
		{CC013FC8-1676-4B3F-A555-F928357EDC34}.Release|Any CPU.Build.0 = Release|Any CPU
	EndGlobalSection
	GlobalSection(SolutionProperties) = preSolution
		HideSolutionNode = FALSE
	EndGlobalSection
EndGlobal
